
Microsoft Visual Studio Solution File, Format Version 12.00
# Visual Studio Version 17
VisualStudioVersion = 17.1.32414.318
MinimumVisualStudioVersion = 10.0.40219.1
Project("{FAE04EC0-301F-11D3-BF4B-00C04F79EFBC}") = "constvowels", "constvowels.csproj", "{7DBB2829-19A2-4480-A56C-0FB0BB6075FD}"
EndProject
Project("{2150E333-8FDC-42A3-9474-1A3956D46DE8}") = "Solution Items", "Solution Items", "{1C4CF509-D9DB-464A-B167-6A236DDE3E68}"
	ProjectSection(SolutionItems) = preProject
		.editorconfig = .editorconfig
	EndProjectSection
EndProject
Global
	GlobalSection(SolutionConfigurationPlatforms) = preSolution
		Debug|Any CPU = Debug|Any CPU
		Release|Any CPU = Release|Any CPU
	EndGlobalSection
	GlobalSection(ProjectConfigurationPlatforms) = postSolution
		{7DBB2829-19A2-4480-A56C-0FB0BB6075FD}.Debug|Any CPU.ActiveCfg = Debug|Any CPU
		{7DBB2829-19A2-4480-A56C-0FB0BB6075FD}.Debug|Any CPU.Build.0 = Debug|Any CPU
		{7DBB2829-19A2-4480-A56C-0FB0BB6075FD}.Release|Any CPU.ActiveCfg = Release|Any CPU
		{7DBB2829-19A2-4480-A56C-0FB0BB6075FD}.Release|Any CPU.Build.0 = Release|Any CPU
	EndGlobalSection
	GlobalSection(SolutionProperties) = preSolution
		HideSolutionNode = FALSE
	EndGlobalSection
	GlobalSection(ExtensibilityGlobals) = postSolution
		SolutionGuid = {72218DA2-2B4C-4229-830A-AD0D7FD30450}
	EndGlobalSection
EndGlobal
