
Microsoft Visual Studio Solution File, Format Version 12.00
# Visual Studio Version 17
VisualStudioVersion = 17.1.32414.318
MinimumVisualStudioVersion = 10.0.40219.1
Project("{FAE04EC0-301F-11D3-BF4B-00C04F79EFBC}") = "evenodd", "evenodd.csproj", "{1C4A25E4-603A-481D-8B81-ABAFF04B3844}"
EndProject
Global
	GlobalSection(SolutionConfigurationPlatforms) = preSolution
		Debug|Any CPU = Debug|Any CPU
		Release|Any CPU = Release|Any CPU
	EndGlobalSection
	GlobalSection(ProjectConfigurationPlatforms) = postSolution
		{1C4A25E4-603A-481D-8B81-ABAFF04B3844}.Debug|Any CPU.ActiveCfg = Debug|Any CPU
		{1C4A25E4-603A-481D-8B81-ABAFF04B3844}.Debug|Any CPU.Build.0 = Debug|Any CPU
		{1C4A25E4-603A-481D-8B81-ABAFF04B3844}.Release|Any CPU.ActiveCfg = Release|Any CPU
		{1C4A25E4-603A-481D-8B81-ABAFF04B3844}.Release|Any CPU.Build.0 = Release|Any CPU
	EndGlobalSection
	GlobalSection(SolutionProperties) = preSolution
		HideSolutionNode = FALSE
	EndGlobalSection
	GlobalSection(ExtensibilityGlobals) = postSolution
		SolutionGuid = {117C10AB-BB77-4933-B67F-DCC6D530478B}
	EndGlobalSection
EndGlobal
