
Microsoft Visual Studio Solution File, Format Version 12.00
# Visual Studio Version 17
VisualStudioVersion = 17.1.32414.318
MinimumVisualStudioVersion = 10.0.40219.1
Project("{FAE04EC0-301F-11D3-BF4B-00C04F79EFBC}") = "PrimeFactor", "PrimeFactor.csproj", "{3761634F-626C-42E6-AA44-E3A80D010969}"
EndProject
Global
	GlobalSection(SolutionConfigurationPlatforms) = preSolution
		Debug|Any CPU = Debug|Any CPU
		Release|Any CPU = Release|Any CPU
	EndGlobalSection
	GlobalSection(ProjectConfigurationPlatforms) = postSolution
		{3761634F-626C-42E6-AA44-E3A80D010969}.Debug|Any CPU.ActiveCfg = Debug|Any CPU
		{3761634F-626C-42E6-AA44-E3A80D010969}.Debug|Any CPU.Build.0 = Debug|Any CPU
		{3761634F-626C-42E6-AA44-E3A80D010969}.Release|Any CPU.ActiveCfg = Release|Any CPU
		{3761634F-626C-42E6-AA44-E3A80D010969}.Release|Any CPU.Build.0 = Release|Any CPU
	EndGlobalSection
	GlobalSection(SolutionProperties) = preSolution
		HideSolutionNode = FALSE
	EndGlobalSection
	GlobalSection(ExtensibilityGlobals) = postSolution
		SolutionGuid = {A63C9E96-72AD-4639-ADEE-D95E2FF3E42D}
	EndGlobalSection
EndGlobal
