
Microsoft Visual Studio Solution File, Format Version 12.00
# Visual Studio Version 17
VisualStudioVersion = 17.1.32414.318
MinimumVisualStudioVersion = 10.0.40219.1
Project("{FAE04EC0-301F-11D3-BF4B-00C04F79EFBC}") = "LeapYear", "LeapYear.csproj", "{91440895-54B3-4ED3-93CD-F3055647F366}"
EndProject
Global
	GlobalSection(SolutionConfigurationPlatforms) = preSolution
		Debug|Any CPU = Debug|Any CPU
		Release|Any CPU = Release|Any CPU
	EndGlobalSection
	GlobalSection(ProjectConfigurationPlatforms) = postSolution
		{91440895-54B3-4ED3-93CD-F3055647F366}.Debug|Any CPU.ActiveCfg = Debug|Any CPU
		{91440895-54B3-4ED3-93CD-F3055647F366}.Debug|Any CPU.Build.0 = Debug|Any CPU
		{91440895-54B3-4ED3-93CD-F3055647F366}.Release|Any CPU.ActiveCfg = Release|Any CPU
		{91440895-54B3-4ED3-93CD-F3055647F366}.Release|Any CPU.Build.0 = Release|Any CPU
	EndGlobalSection
	GlobalSection(SolutionProperties) = preSolution
		HideSolutionNode = FALSE
	EndGlobalSection
	GlobalSection(ExtensibilityGlobals) = postSolution
		SolutionGuid = {067B72E8-4B62-4879-BE8A-D1F367D88C51}
	EndGlobalSection
EndGlobal
